// !$*UTF8*$!
{
	archiveVersion = 1;
	classes = {
	};
	objectVersion = 50;
	objects = {

/* Begin PBXBuildFile section */
		913FB9752673E5E0009E78AC /* MapKit.framework in Frameworks */ = {isa = PBXBuildFile; fileRef = 913FB9742673E5E0009E78AC /* MapKit.framework */; };
		913FB97826748528009E78AC /* SeparatorTableViewCell.swift in Sources */ = {isa = PBXBuildFile; fileRef = 913FB97726748528009E78AC /* SeparatorTableViewCell.swift */; };
		913FB97B26748542009E78AC /* MapTableViewCell.swift in Sources */ = {isa = PBXBuildFile; fileRef = 913FB97A26748542009E78AC /* MapTableViewCell.swift */; };
		913FB97E26748BE7009E78AC /* MapViewController.swift in Sources */ = {isa = PBXBuildFile; fileRef = 913FB97D26748BE7009E78AC /* MapViewController.swift */; };
		913FB9852674B191009E78AC /* ReviewViewController.swift in Sources */ = {isa = PBXBuildFile; fileRef = 913FB9842674B191009E78AC /* ReviewViewController.swift */; };
		913FB98926752089009E78AC /* RoundedTextField.swift in Sources */ = {isa = PBXBuildFile; fileRef = 913FB98826752089009E78AC /* RoundedTextField.swift */; };
		913FB98C267527D1009E78AC /* AddPicTableViewController.swift in Sources */ = {isa = PBXBuildFile; fileRef = 913FB98B267527D1009E78AC /* AddPicTableViewController.swift */; };
		913FB9B72675EBCD009E78AC /* Astronomy.xcdatamodeld in Sources */ = {isa = PBXBuildFile; fileRef = 913FB9B52675EBCD009E78AC /* Astronomy.xcdatamodeld */; };
		91465B99267240480090ABBD /* MoreDetailViewController.swift in Sources */ = {isa = PBXBuildFile; fileRef = 91465B98267240480090ABBD /* MoreDetailViewController.swift */; };
		91465B9F267398DC0090ABBD /* ContextTableViewCell.swift in Sources */ = {isa = PBXBuildFile; fileRef = 91465B9E267398DC0090ABBD /* ContextTableViewCell.swift */; };
		91465BA42673991C0090ABBD /* TextTableViewCell.swift in Sources */ = {isa = PBXBuildFile; fileRef = 91465BA32673991C0090ABBD /* TextTableViewCell.swift */; };
		9149B9B62670AD5D003B18C7 /* PlanetTableViewController.swift in Sources */ = {isa = PBXBuildFile; fileRef = 9149B9B52670AD5D003B18C7 /* PlanetTableViewController.swift */; };
		9149B9BD2670AD8E003B18C7 /* PlanetTableViewCell.swift in Sources */ = {isa = PBXBuildFile; fileRef = 9149B9BC2670AD8E003B18C7 /* PlanetTableViewCell.swift */; };
		9149B9C12671399E003B18C7 /* NewDetailViewController.swift in Sources */ = {isa = PBXBuildFile; fileRef = 9149B9C02671399E003B18C7 /* NewDetailViewController.swift */; };
		9179C361266E438E00BBE93A /* AppDelegate.swift in Sources */ = {isa = PBXBuildFile; fileRef = 9179C360266E438E00BBE93A /* AppDelegate.swift */; };
		9179C363266E438E00BBE93A /* SceneDelegate.swift in Sources */ = {isa = PBXBuildFile; fileRef = 9179C362266E438E00BBE93A /* SceneDelegate.swift */; };
		9179C365266E438E00BBE93A /* ViewController.swift in Sources */ = {isa = PBXBuildFile; fileRef = 9179C364266E438E00BBE93A /* ViewController.swift */; };
		9179C368266E438E00BBE93A /* Main.storyboard in Resources */ = {isa = PBXBuildFile; fileRef = 9179C366266E438E00BBE93A /* Main.storyboard */; };
		9179C36A266E439200BBE93A /* Assets.xcassets in Resources */ = {isa = PBXBuildFile; fileRef = 9179C369266E439200BBE93A /* Assets.xcassets */; };
		9179C36D266E439200BBE93A /* LaunchScreen.storyboard in Resources */ = {isa = PBXBuildFile; fileRef = 9179C36B266E439200BBE93A /* LaunchScreen.storyboard */; };
		9179C376266E581300BBE93A /* PlanetCollectionViewController.swift in Sources */ = {isa = PBXBuildFile; fileRef = 9179C375266E581300BBE93A /* PlanetCollectionViewController.swift */; };
		9179C379266E583A00BBE93A /* PlanetCollectionViewCell.swift in Sources */ = {isa = PBXBuildFile; fileRef = 9179C378266E583A00BBE93A /* PlanetCollectionViewCell.swift */; };
		9179C37C266E588200BBE93A /* DetailViewController.swift in Sources */ = {isa = PBXBuildFile; fileRef = 9179C37B266E588200BBE93A /* DetailViewController.swift */; };
		9179C381266E6F4B00BBE93A /* PicManager.swift in Sources */ = {isa = PBXBuildFile; fileRef = 9179C380266E6F4B00BBE93A /* PicManager.swift */; };
		9179C384266E7D4900BBE93A /* Information.swift in Sources */ = {isa = PBXBuildFile; fileRef = 9179C383266E7D4900BBE93A /* Information.swift */; };
/* End PBXBuildFile section */

/* Begin PBXFileReference section */
		913FB9742673E5E0009E78AC /* MapKit.framework */ = {isa = PBXFileReference; lastKnownFileType = wrapper.framework; name = MapKit.framework; path = System/Library/Frameworks/MapKit.framework; sourceTree = SDKROOT; };
		913FB97726748528009E78AC /* SeparatorTableViewCell.swift */ = {isa = PBXFileReference; lastKnownFileType = sourcecode.swift; path = SeparatorTableViewCell.swift; sourceTree = "<group>"; };
		913FB97A26748542009E78AC /* MapTableViewCell.swift */ = {isa = PBXFileReference; lastKnownFileType = sourcecode.swift; path = MapTableViewCell.swift; sourceTree = "<group>"; };
		913FB97D26748BE7009E78AC /* MapViewController.swift */ = {isa = PBXFileReference; lastKnownFileType = sourcecode.swift; path = MapViewController.swift; sourceTree = "<group>"; };
		913FB9842674B191009E78AC /* ReviewViewController.swift */ = {isa = PBXFileReference; lastKnownFileType = sourcecode.swift; path = ReviewViewController.swift; sourceTree = "<group>"; };
		913FB98826752089009E78AC /* RoundedTextField.swift */ = {isa = PBXFileReference; lastKnownFileType = sourcecode.swift; path = RoundedTextField.swift; sourceTree = "<group>"; };
		913FB98B267527D1009E78AC /* AddPicTableViewController.swift */ = {isa = PBXFileReference; lastKnownFileType = sourcecode.swift; path = AddPicTableViewController.swift; sourceTree = "<group>"; };
		913FB9B62675EBCD009E78AC /* Astronomy.xcdatamodel */ = {isa = PBXFileReference; lastKnownFileType = wrapper.xcdatamodel; path = Astronomy.xcdatamodel; sourceTree = "<group>"; };
		91465B98267240480090ABBD /* MoreDetailViewController.swift */ = {isa = PBXFileReference; lastKnownFileType = sourcecode.swift; path = MoreDetailViewController.swift; sourceTree = "<group>"; };
		91465B9E267398DC0090ABBD /* ContextTableViewCell.swift */ = {isa = PBXFileReference; lastKnownFileType = sourcecode.swift; path = ContextTableViewCell.swift; sourceTree = "<group>"; };
		91465BA32673991C0090ABBD /* TextTableViewCell.swift */ = {isa = PBXFileReference; lastKnownFileType = sourcecode.swift; path = TextTableViewCell.swift; sourceTree = "<group>"; };
		9149B9B52670AD5D003B18C7 /* PlanetTableViewController.swift */ = {isa = PBXFileReference; lastKnownFileType = sourcecode.swift; path = PlanetTableViewController.swift; sourceTree = "<group>"; };
		9149B9BC2670AD8E003B18C7 /* PlanetTableViewCell.swift */ = {isa = PBXFileReference; lastKnownFileType = sourcecode.swift; path = PlanetTableViewCell.swift; sourceTree = "<group>"; };
		9149B9C02671399E003B18C7 /* NewDetailViewController.swift */ = {isa = PBXFileReference; lastKnownFileType = sourcecode.swift; path = NewDetailViewController.swift; sourceTree = "<group>"; };
		9179C35D266E438E00BBE93A /* Astronomy.app */ = {isa = PBXFileReference; explicitFileType = wrapper.application; includeInIndex = 0; path = Astronomy.app; sourceTree = BUILT_PRODUCTS_DIR; };
		9179C360266E438E00BBE93A /* AppDelegate.swift */ = {isa = PBXFileReference; lastKnownFileType = sourcecode.swift; path = AppDelegate.swift; sourceTree = "<group>"; };
		9179C362266E438E00BBE93A /* SceneDelegate.swift */ = {isa = PBXFileReference; lastKnownFileType = sourcecode.swift; path = SceneDelegate.swift; sourceTree = "<group>"; };
		9179C364266E438E00BBE93A /* ViewController.swift */ = {isa = PBXFileReference; lastKnownFileType = sourcecode.swift; path = ViewController.swift; sourceTree = "<group>"; };
		9179C367266E438E00BBE93A /* Base */ = {isa = PBXFileReference; lastKnownFileType = file.storyboard; name = Base; path = Base.lproj/Main.storyboard; sourceTree = "<group>"; };
		9179C369266E439200BBE93A /* Assets.xcassets */ = {isa = PBXFileReference; lastKnownFileType = folder.assetcatalog; path = Assets.xcassets; sourceTree = "<group>"; };
		9179C36C266E439200BBE93A /* Base */ = {isa = PBXFileReference; lastKnownFileType = file.storyboard; name = Base; path = Base.lproj/LaunchScreen.storyboard; sourceTree = "<group>"; };
		9179C36E266E439200BBE93A /* Info.plist */ = {isa = PBXFileReference; lastKnownFileType = text.plist.xml; path = Info.plist; sourceTree = "<group>"; };
		9179C375266E581300BBE93A /* PlanetCollectionViewController.swift */ = {isa = PBXFileReference; lastKnownFileType = sourcecode.swift; path = PlanetCollectionViewController.swift; sourceTree = "<group>"; };
		9179C378266E583A00BBE93A /* PlanetCollectionViewCell.swift */ = {isa = PBXFileReference; lastKnownFileType = sourcecode.swift; path = PlanetCollectionViewCell.swift; sourceTree = "<group>"; };
		9179C37B266E588200BBE93A /* DetailViewController.swift */ = {isa = PBXFileReference; lastKnownFileType = sourcecode.swift; path = DetailViewController.swift; sourceTree = "<group>"; };
		9179C380266E6F4B00BBE93A /* PicManager.swift */ = {isa = PBXFileReference; lastKnownFileType = sourcecode.swift; path = PicManager.swift; sourceTree = "<group>"; };
		9179C383266E7D4900BBE93A /* Information.swift */ = {isa = PBXFileReference; lastKnownFileType = sourcecode.swift; path = Information.swift; sourceTree = "<group>"; };
/* End PBXFileReference section */

/* Begin PBXFrameworksBuildPhase section */
		9179C35A266E438E00BBE93A /* Frameworks */ = {
			isa = PBXFrameworksBuildPhase;
			buildActionMask = 2147483647;
			files = (
				913FB9752673E5E0009E78AC /* MapKit.framework in Frameworks */,
			);
			runOnlyForDeploymentPostprocessing = 0;
		};
/* End PBXFrameworksBuildPhase section */

/* Begin PBXGroup section */
		913FB9732673E5E0009E78AC /* Frameworks */ = {
			isa = PBXGroup;
			children = (
				913FB9742673E5E0009E78AC /* MapKit.framework */,
			);
			name = Frameworks;
			sourceTree = "<group>";
		};
		913FB98026748BEA009E78AC /* MapView */ = {
			isa = PBXGroup;
			children = (
				913FB97D26748BE7009E78AC /* MapViewController.swift */,
			);
			path = MapView;
			sourceTree = "<group>";
		};
		913FB9822674AC92009E78AC /* Rate */ = {
			isa = PBXGroup;
			children = (
				913FB9842674B191009E78AC /* ReviewViewController.swift */,
			);
			path = Rate;
			sourceTree = "<group>";
		};
		913FB98E267527E0009E78AC /* AddPic */ = {
			isa = PBXGroup;
			children = (
				913FB98B267527D1009E78AC /* AddPicTableViewController.swift */,
			);
			path = AddPic;
			sourceTree = "<group>";
		};
		91465B9C267398260090ABBD /* CollectionView */ = {
			isa = PBXGroup;
			children = (
				9179C375266E581300BBE93A /* PlanetCollectionViewController.swift */,
				9179C378266E583A00BBE93A /* PlanetCollectionViewCell.swift */,
				9179C37B266E588200BBE93A /* DetailViewController.swift */,
			);
			path = CollectionView;
			sourceTree = "<group>";
		};
		91465B9D2673984A0090ABBD /* TableView */ = {
			isa = PBXGroup;
			children = (
				9149B9B52670AD5D003B18C7 /* PlanetTableViewController.swift */,
				9149B9BC2670AD8E003B18C7 /* PlanetTableViewCell.swift */,
				9149B9C02671399E003B18C7 /* NewDetailViewController.swift */,
			);
			path = TableView;
			sourceTree = "<group>";
		};
		91465BA2267398EB0090ABBD /* MoreDetailView */ = {
			isa = PBXGroup;
			children = (
				91465B98267240480090ABBD /* MoreDetailViewController.swift */,
				91465B9E267398DC0090ABBD /* ContextTableViewCell.swift */,
				91465BA32673991C0090ABBD /* TextTableViewCell.swift */,
				913FB97726748528009E78AC /* SeparatorTableViewCell.swift */,
				913FB97A26748542009E78AC /* MapTableViewCell.swift */,
			);
			path = MoreDetailView;
			sourceTree = "<group>";
		};
		9179C354266E438E00BBE93A = {
			isa = PBXGroup;
			children = (
				9179C35F266E438E00BBE93A /* Astronomy */,
				9179C35E266E438E00BBE93A /* Products */,
				913FB9732673E5E0009E78AC /* Frameworks */,
			);
			sourceTree = "<group>";
		};
		9179C35E266E438E00BBE93A /* Products */ = {
			isa = PBXGroup;
			children = (
				9179C35D266E438E00BBE93A /* Astronomy.app */,
			);
			name = Products;
			sourceTree = "<group>";
		};
		9179C35F266E438E00BBE93A /* Astronomy */ = {
			isa = PBXGroup;
			children = (
				9179C360266E438E00BBE93A /* AppDelegate.swift */,
				913FB9B52675EBCD009E78AC /* Astronomy.xcdatamodeld */,
				9179C362266E438E00BBE93A /* SceneDelegate.swift */,
				9179C366266E438E00BBE93A /* Main.storyboard */,
				913FB98826752089009E78AC /* RoundedTextField.swift */,
				9179C383266E7D4900BBE93A /* Information.swift */,
				9179C380266E6F4B00BBE93A /* PicManager.swift */,
				9179C364266E438E00BBE93A /* ViewController.swift */,
				91465B9C267398260090ABBD /* CollectionView */,
				91465B9D2673984A0090ABBD /* TableView */,
				91465BA2267398EB0090ABBD /* MoreDetailView */,
				913FB98026748BEA009E78AC /* MapView */,
				913FB9822674AC92009E78AC /* Rate */,
				913FB98E267527E0009E78AC /* AddPic */,
				9179C369266E439200BBE93A /* Assets.xcassets */,
				9179C36B266E439200BBE93A /* LaunchScreen.storyboard */,
				9179C36E266E439200BBE93A /* Info.plist */,
			);
			path = Astronomy;
			sourceTree = "<group>";
		};
/* End PBXGroup section */

/* Begin PBXNativeTarget section */
		9179C35C266E438E00BBE93A /* Astronomy */ = {
			isa = PBXNativeTarget;
			buildConfigurationList = 9179C371266E439200BBE93A /* Build configuration list for PBXNativeTarget "Astronomy" */;
			buildPhases = (
				9179C359266E438E00BBE93A /* Sources */,
				9179C35A266E438E00BBE93A /* Frameworks */,
				9179C35B266E438E00BBE93A /* Resources */,
			);
			buildRules = (
			);
			dependencies = (
			);
			name = Astronomy;
			productName = Astronomy;
			productReference = 9179C35D266E438E00BBE93A /* Astronomy.app */;
			productType = "com.apple.product-type.application";
		};
/* End PBXNativeTarget section */

/* Begin PBXProject section */
		9179C355266E438E00BBE93A /* Project object */ = {
			isa = PBXProject;
			attributes = {
				LastSwiftUpdateCheck = 1240;
				LastUpgradeCheck = 1240;
				TargetAttributes = {
					9179C35C266E438E00BBE93A = {
						CreatedOnToolsVersion = 12.4;
					};
				};
			};
			buildConfigurationList = 9179C358266E438E00BBE93A /* Build configuration list for PBXProject "Astronomy" */;
			compatibilityVersion = "Xcode 9.3";
			developmentRegion = en;
			hasScannedForEncodings = 0;
			knownRegions = (
				en,
				Base,
			);
			mainGroup = 9179C354266E438E00BBE93A;
			productRefGroup = 9179C35E266E438E00BBE93A /* Products */;
			projectDirPath = "";
			projectRoot = "";
			targets = (
				9179C35C266E438E00BBE93A /* Astronomy */,
			);
		};
/* End PBXProject section */

/* Begin PBXResourcesBuildPhase section */
		9179C35B266E438E00BBE93A /* Resources */ = {
			isa = PBXResourcesBuildPhase;
			buildActionMask = 2147483647;
			files = (
				9179C36D266E439200BBE93A /* LaunchScreen.storyboard in Resources */,
				9179C36A266E439200BBE93A /* Assets.xcassets in Resources */,
				9179C368266E438E00BBE93A /* Main.storyboard in Resources */,
			);
			runOnlyForDeploymentPostprocessing = 0;
		};
/* End PBXResourcesBuildPhase section */

/* Begin PBXSourcesBuildPhase section */
		9179C359266E438E00BBE93A /* Sources */ = {
			isa = PBXSourcesBuildPhase;
			buildActionMask = 2147483647;
			files = (
				9149B9B62670AD5D003B18C7 /* PlanetTableViewController.swift in Sources */,
				9179C365266E438E00BBE93A /* ViewController.swift in Sources */,
				913FB97B26748542009E78AC /* MapTableViewCell.swift in Sources */,
				9179C381266E6F4B00BBE93A /* PicManager.swift in Sources */,
				9179C384266E7D4900BBE93A /* Information.swift in Sources */,
				9179C361266E438E00BBE93A /* AppDelegate.swift in Sources */,
				9149B9C12671399E003B18C7 /* NewDetailViewController.swift in Sources */,
				913FB97826748528009E78AC /* SeparatorTableViewCell.swift in Sources */,
				913FB9852674B191009E78AC /* ReviewViewController.swift in Sources */,
				91465B99267240480090ABBD /* MoreDetailViewController.swift in Sources */,
				913FB98C267527D1009E78AC /* AddPicTableViewController.swift in Sources */,
				9179C379266E583A00BBE93A /* PlanetCollectionViewCell.swift in Sources */,
				913FB9B72675EBCD009E78AC /* Astronomy.xcdatamodeld in Sources */,
				91465BA42673991C0090ABBD /* TextTableViewCell.swift in Sources */,
				9179C37C266E588200BBE93A /* DetailViewController.swift in Sources */,
				9179C376266E581300BBE93A /* PlanetCollectionViewController.swift in Sources */,
				9179C363266E438E00BBE93A /* SceneDelegate.swift in Sources */,
				91465B9F267398DC0090ABBD /* ContextTableViewCell.swift in Sources */,
				9149B9BD2670AD8E003B18C7 /* PlanetTableViewCell.swift in Sources */,
				913FB97E26748BE7009E78AC /* MapViewController.swift in Sources */,
				913FB98926752089009E78AC /* RoundedTextField.swift in Sources */,
			);
			runOnlyForDeploymentPostprocessing = 0;
		};
/* End PBXSourcesBuildPhase section */

/* Begin PBXVariantGroup section */
		9179C366266E438E00BBE93A /* Main.storyboard */ = {
			isa = PBXVariantGroup;
			children = (
				9179C367266E438E00BBE93A /* Base */,
			);
			name = Main.storyboard;
			sourceTree = "<group>";
		};
		9179C36B266E439200BBE93A /* LaunchScreen.storyboard */ = {
			isa = PBXVariantGroup;
			children = (
				9179C36C266E439200BBE93A /* Base */,
			);
			name = LaunchScreen.storyboard;
			sourceTree = "<group>";
		};
/* End PBXVariantGroup section */

/* Begin XCBuildConfiguration section */
		9179C36F266E439200BBE93A /* Debug */ = {
			isa = XCBuildConfiguration;
			buildSettings = {
				ALWAYS_SEARCH_USER_PATHS = NO;
				CLANG_ANALYZER_NONNULL = YES;
				CLANG_ANALYZER_NUMBER_OBJECT_CONVERSION = YES_AGGRESSIVE;
				CLANG_CXX_LANGUAGE_STANDARD = "gnu++14";
				CLANG_CXX_LIBRARY = "libc++";
				CLANG_ENABLE_MODULES = YES;
				CLANG_ENABLE_OBJC_ARC = YES;
				CLANG_ENABLE_OBJC_WEAK = YES;
				CLANG_WARN_BLOCK_CAPTURE_AUTORELEASING = YES;
				CLANG_WARN_BOOL_CONVERSION = YES;
				CLANG_WARN_COMMA = YES;
				CLANG_WARN_CONSTANT_CONVERSION = YES;
				CLANG_WARN_DEPRECATED_OBJC_IMPLEMENTATIONS = YES;
				CLANG_WARN_DIRECT_OBJC_ISA_USAGE = YES_ERROR;
				CLANG_WARN_DOCUMENTATION_COMMENTS = YES;
				CLANG_WARN_EMPTY_BODY = YES;
				CLANG_WARN_ENUM_CONVERSION = YES;
				CLANG_WARN_INFINITE_RECURSION = YES;
				CLANG_WARN_INT_CONVERSION = YES;
				CLANG_WARN_NON_LITERAL_NULL_CONVERSION = YES;
				CLANG_WARN_OBJC_IMPLICIT_RETAIN_SELF = YES;
				CLANG_WARN_OBJC_LITERAL_CONVERSION = YES;
				CLANG_WARN_OBJC_ROOT_CLASS = YES_ERROR;
				CLANG_WARN_QUOTED_INCLUDE_IN_FRAMEWORK_HEADER = YES;
				CLANG_WARN_RANGE_LOOP_ANALYSIS = YES;
				CLANG_WARN_STRICT_PROTOTYPES = YES;
				CLANG_WARN_SUSPICIOUS_MOVE = YES;
				CLANG_WARN_UNGUARDED_AVAILABILITY = YES_AGGRESSIVE;
				CLANG_WARN_UNREACHABLE_CODE = YES;
				CLANG_WARN__DUPLICATE_METHOD_MATCH = YES;
				COPY_PHASE_STRIP = NO;
				DEBUG_INFORMATION_FORMAT = dwarf;
				ENABLE_STRICT_OBJC_MSGSEND = YES;
				ENABLE_TESTABILITY = YES;
				GCC_C_LANGUAGE_STANDARD = gnu11;
				GCC_DYNAMIC_NO_PIC = NO;
				GCC_NO_COMMON_BLOCKS = YES;
				GCC_OPTIMIZATION_LEVEL = 0;
				GCC_PREPROCESSOR_DEFINITIONS = (
					"DEBUG=1",
					"$(inherited)",
				);
				GCC_WARN_64_TO_32_BIT_CONVERSION = YES;
				GCC_WARN_ABOUT_RETURN_TYPE = YES_ERROR;
				GCC_WARN_UNDECLARED_SELECTOR = YES;
				GCC_WARN_UNINITIALIZED_AUTOS = YES_AGGRESSIVE;
				GCC_WARN_UNUSED_FUNCTION = YES;
				GCC_WARN_UNUSED_VARIABLE = YES;
				IPHONEOS_DEPLOYMENT_TARGET = 14.4;
				MTL_ENABLE_DEBUG_INFO = INCLUDE_SOURCE;
				MTL_FAST_MATH = YES;
				ONLY_ACTIVE_ARCH = YES;
				SDKROOT = iphoneos;
				SWIFT_ACTIVE_COMPILATION_CONDITIONS = DEBUG;
				SWIFT_OPTIMIZATION_LEVEL = "-Onone";
			};
			name = Debug;
		};
		9179C370266E439200BBE93A /* Release */ = {
			isa = XCBuildConfiguration;
			buildSettings = {
				ALWAYS_SEARCH_USER_PATHS = NO;
				CLANG_ANALYZER_NONNULL = YES;
				CLANG_ANALYZER_NUMBER_OBJECT_CONVERSION = YES_AGGRESSIVE;
				CLANG_CXX_LANGUAGE_STANDARD = "gnu++14";
				CLANG_CXX_LIBRARY = "libc++";
				CLANG_ENABLE_MODULES = YES;
				CLANG_ENABLE_OBJC_ARC = YES;
				CLANG_ENABLE_OBJC_WEAK = YES;
				CLANG_WARN_BLOCK_CAPTURE_AUTORELEASING = YES;
				CLANG_WARN_BOOL_CONVERSION = YES;
				CLANG_WARN_COMMA = YES;
				CLANG_WARN_CONSTANT_CONVERSION = YES;
				CLANG_WARN_DEPRECATED_OBJC_IMPLEMENTATIONS = YES;
				CLANG_WARN_DIRECT_OBJC_ISA_USAGE = YES_ERROR;
				CLANG_WARN_DOCUMENTATION_COMMENTS = YES;
				CLANG_WARN_EMPTY_BODY = YES;
				CLANG_WARN_ENUM_CONVERSION = YES;
				CLANG_WARN_INFINITE_RECURSION = YES;
				CLANG_WARN_INT_CONVERSION = YES;
				CLANG_WARN_NON_LITERAL_NULL_CONVERSION = YES;
				CLANG_WARN_OBJC_IMPLICIT_RETAIN_SELF = YES;
				CLANG_WARN_OBJC_LITERAL_CONVERSION = YES;
				CLANG_WARN_OBJC_ROOT_CLASS = YES_ERROR;
				CLANG_WARN_QUOTED_INCLUDE_IN_FRAMEWORK_HEADER = YES;
				CLANG_WARN_RANGE_LOOP_ANALYSIS = YES;
				CLANG_WARN_STRICT_PROTOTYPES = YES;
				CLANG_WARN_SUSPICIOUS_MOVE = YES;
				CLANG_WARN_UNGUARDED_AVAILABILITY = YES_AGGRESSIVE;
				CLANG_WARN_UNREACHABLE_CODE = YES;
				CLANG_WARN__DUPLICATE_METHOD_MATCH = YES;
				COPY_PHASE_STRIP = NO;
				DEBUG_INFORMATION_FORMAT = "dwarf-with-dsym";
				ENABLE_NS_ASSERTIONS = NO;
				ENABLE_STRICT_OBJC_MSGSEND = YES;
				GCC_C_LANGUAGE_STANDARD = gnu11;
				GCC_NO_COMMON_BLOCKS = YES;
				GCC_WARN_64_TO_32_BIT_CONVERSION = YES;
				GCC_WARN_ABOUT_RETURN_TYPE = YES_ERROR;
				GCC_WARN_UNDECLARED_SELECTOR = YES;
				GCC_WARN_UNINITIALIZED_AUTOS = YES_AGGRESSIVE;
				GCC_WARN_UNUSED_FUNCTION = YES;
				GCC_WARN_UNUSED_VARIABLE = YES;
				IPHONEOS_DEPLOYMENT_TARGET = 14.4;
				MTL_ENABLE_DEBUG_INFO = NO;
				MTL_FAST_MATH = YES;
				SDKROOT = iphoneos;
				SWIFT_COMPILATION_MODE = wholemodule;
				SWIFT_OPTIMIZATION_LEVEL = "-O";
				VALIDATE_PRODUCT = YES;
			};
			name = Release;
		};
		9179C372266E439200BBE93A /* Debug */ = {
			isa = XCBuildConfiguration;
			buildSettings = {
				ASSETCATALOG_COMPILER_APPICON_NAME = AppIcon;
				ASSETCATALOG_COMPILER_GLOBAL_ACCENT_COLOR_NAME = AccentColor;
				CODE_SIGN_STYLE = Automatic;
				DEVELOPMENT_TEAM = 45C7J6QVKC;
				INFOPLIST_FILE = Astronomy/Info.plist;
				IPHONEOS_DEPLOYMENT_TARGET = 14.4;
				LD_RUNPATH_SEARCH_PATHS = (
					"$(inherited)",
					"@executable_path/Frameworks",
				);
				PRODUCT_BUNDLE_IDENTIFIER = omitoful.Astronomy;
				PRODUCT_NAME = "$(TARGET_NAME)";
				SWIFT_VERSION = 5.0;
				TARGETED_DEVICE_FAMILY = "1,2";
			};
			name = Debug;
		};
		9179C373266E439200BBE93A /* Release */ = {
			isa = XCBuildConfiguration;
			buildSettings = {
				ASSETCATALOG_COMPILER_APPICON_NAME = AppIcon;
				ASSETCATALOG_COMPILER_GLOBAL_ACCENT_COLOR_NAME = AccentColor;
				CODE_SIGN_STYLE = Automatic;
				DEVELOPMENT_TEAM = 45C7J6QVKC;
				INFOPLIST_FILE = Astronomy/Info.plist;
				IPHONEOS_DEPLOYMENT_TARGET = 14.4;
				LD_RUNPATH_SEARCH_PATHS = (
					"$(inherited)",
					"@executable_path/Frameworks",
				);
				PRODUCT_BUNDLE_IDENTIFIER = omitoful.Astronomy;
				PRODUCT_NAME = "$(TARGET_NAME)";
				SWIFT_VERSION = 5.0;
				TARGETED_DEVICE_FAMILY = "1,2";
			};
			name = Release;
		};
/* End XCBuildConfiguration section */

/* Begin XCConfigurationList section */
		9179C358266E438E00BBE93A /* Build configuration list for PBXProject "Astronomy" */ = {
			isa = XCConfigurationList;
			buildConfigurations = (
				9179C36F266E439200BBE93A /* Debug */,
				9179C370266E439200BBE93A /* Release */,
			);
			defaultConfigurationIsVisible = 0;
			defaultConfigurationName = Release;
		};
		9179C371266E439200BBE93A /* Build configuration list for PBXNativeTarget "Astronomy" */ = {
			isa = XCConfigurationList;
			buildConfigurations = (
				9179C372266E439200BBE93A /* Debug */,
				9179C373266E439200BBE93A /* Release */,
			);
			defaultConfigurationIsVisible = 0;
			defaultConfigurationName = Release;
		};
/* End XCConfigurationList section */

/* Begin XCVersionGroup section */
		913FB9B52675EBCD009E78AC /* Astronomy.xcdatamodeld */ = {
			isa = XCVersionGroup;
			children = (
				913FB9B62675EBCD009E78AC /* Astronomy.xcdatamodel */,
			);
			currentVersion = 913FB9B62675EBCD009E78AC /* Astronomy.xcdatamodel */;
			path = Astronomy.xcdatamodeld;
			sourceTree = "<group>";
			versionGroupType = wrapper.xcdatamodel;
		};
/* End XCVersionGroup section */
	};
	rootObject = 9179C355266E438E00BBE93A /* Project object */;
}
